
Microsoft Visual Studio Solution File, Format Version 12.00
# Visual Studio 14
VisualStudioVersion = 14.0.25420.1
MinimumVisualStudioVersion = 10.0.40219.1
Project("{FAE04EC0-301F-11D3-BF4B-00C04F79EFBC}") = "Calculator", "Calculator\Calculator.csproj", "{631A6656-5890-4E87-9839-1DC54546B2F1}"
EndProject
Project("{FAE04EC0-301F-11D3-BF4B-00C04F79EFBC}") = "Calculator.Test", "Calculator.Test\Calculator.Test.csproj", "{C01427A1-7943-48AE-8C44-F56C33593AAE}"
EndProject
Global
	GlobalSection(SolutionConfigurationPlatforms) = preSolution
		Debug|Any CPU = Debug|Any CPU
		Release|Any CPU = Release|Any CPU
	EndGlobalSection
	GlobalSection(ProjectConfigurationPlatforms) = postSolution
		{631A6656-5890-4E87-9839-1DC54546B2F1}.Debug|Any CPU.ActiveCfg = Debug|Any CPU
		{631A6656-5890-4E87-9839-1DC54546B2F1}.Debug|Any CPU.Build.0 = Debug|Any CPU
		{631A6656-5890-4E87-9839-1DC54546B2F1}.Release|Any CPU.ActiveCfg = Release|Any CPU
		{631A6656-5890-4E87-9839-1DC54546B2F1}.Release|Any CPU.Build.0 = Release|Any CPU
		{C01427A1-7943-48AE-8C44-F56C33593AAE}.Debug|Any CPU.ActiveCfg = Debug|Any CPU
		{C01427A1-7943-48AE-8C44-F56C33593AAE}.Debug|Any CPU.Build.0 = Debug|Any CPU
		{C01427A1-7943-48AE-8C44-F56C33593AAE}.Release|Any CPU.ActiveCfg = Release|Any CPU
		{C01427A1-7943-48AE-8C44-F56C33593AAE}.Release|Any CPU.Build.0 = Release|Any CPU
	EndGlobalSection
	GlobalSection(SolutionProperties) = preSolution
		HideSolutionNode = FALSE
	EndGlobalSection
EndGlobal
